
Microsoft Visual Studio Solution File, Format Version 12.00
# Visual Studio 15
VisualStudioVersion = 15.0.28307.136
MinimumVisualStudioVersion = 10.0.40219.1
Project("{888888A0-9F3D-457C-B088-3A5042F75D52}") = "NertDiary", "NertDiary\NertDiary.pyproj", "{93C7AB7C-A542-4C37-864B-496D10840BB3}"
EndProject
Global
	GlobalSection(SolutionConfigurationPlatforms) = preSolution
		Debug|Any CPU = Debug|Any CPU
		Release|Any CPU = Release|Any CPU
	EndGlobalSection
	GlobalSection(ProjectConfigurationPlatforms) = postSolution
		{93C7AB7C-A542-4C37-864B-496D10840BB3}.Debug|Any CPU.ActiveCfg = Debug|Any CPU
		{93C7AB7C-A542-4C37-864B-496D10840BB3}.Release|Any CPU.ActiveCfg = Release|Any CPU
	EndGlobalSection
	GlobalSection(SolutionProperties) = preSolution
		HideSolutionNode = FALSE
	EndGlobalSection
	GlobalSection(ExtensibilityGlobals) = postSolution
		SolutionGuid = {CE87FA88-F263-42EE-9794-A4AFA46CA5E6}
	EndGlobalSection
EndGlobal
